github.com/geofpwhite/adventHelperFunctions v0.0.0-20240805213723-f7c273225e6b h1:vFI0nvrndbTNH2i0dbgBuzux5X2p6jTZEy05DbexSnk=
github.com/geofpwhite/adventHelperFunctions v0.0.0-20240805213723-f7c273225e6b/go.mod h1:rATEA4qASXdx92GoEIEiLkIRq41sYUxMrtlcF1ZbKO8=
github.com/geofpwhite/adventHelperFunctions v0.0.0-20240805215006-4bbc08ed7413 h1:xTN9xtk1cwKXFvDGtECldM8f1XxMgg2TTG7CmbgVyag=
github.com/geofpwhite/adventHelperFunctions v0.0.0-20240805215006-4bbc08ed7413/go.mod h1:rATEA4qASXdx92GoEIEiLkIRq41sYUxMrtlcF1ZbKO8=
